// !$*UTF8*$!
{
	archiveVersion = 1;
	classes = {
	};
	objectVersion = 51;
	objects = {

/* Begin PBXBuildFile section */
		38E005865DD5801B60CCB7CF /* Pods_Swift5GoogleAdmob.framework in Frameworks */ = {isa = PBXBuildFile; fileRef = B4A176CB6572C3709CBD7939 /* Pods_Swift5GoogleAdmob.framework */; };
		3F67970F248CD5EE004F31FF /* AppDelegate.swift in Sources */ = {isa = PBXBuildFile; fileRef = 3F67970E248CD5EE004F31FF /* AppDelegate.swift */; };
		3F679711248CD5EE004F31FF /* SceneDelegate.swift in Sources */ = {isa = PBXBuildFile; fileRef = 3F679710248CD5EE004F31FF /* SceneDelegate.swift */; };
		3F679713248CD5EE004F31FF /* ViewController.swift in Sources */ = {isa = PBXBuildFile; fileRef = 3F679712248CD5EE004F31FF /* ViewController.swift */; };
		3F679716248CD5EE004F31FF /* Main.storyboard in Resources */ = {isa = PBXBuildFile; fileRef = 3F679714248CD5EE004F31FF /* Main.storyboard */; };
		3F679718248CD5F1004F31FF /* Assets.xcassets in Resources */ = {isa = PBXBuildFile; fileRef = 3F679717248CD5F1004F31FF /* Assets.xcassets */; };
		3F67971B248CD5F1004F31FF /* LaunchScreen.storyboard in Resources */ = {isa = PBXBuildFile; fileRef = 3F679719248CD5F1004F31FF /* LaunchScreen.storyboard */; };
		3F679723248CDD98004F31FF /* TableViewController.swift in Sources */ = {isa = PBXBuildFile; fileRef = 3F679722248CDD98004F31FF /* TableViewController.swift */; };
/* End PBXBuildFile section */

/* Begin PBXFileReference section */
		3F67970B248CD5EE004F31FF /* Swift5GoogleAdmob.app */ = {isa = PBXFileReference; explicitFileType = wrapper.application; includeInIndex = 0; path = Swift5GoogleAdmob.app; sourceTree = BUILT_PRODUCTS_DIR; };
		3F67970E248CD5EE004F31FF /* AppDelegate.swift */ = {isa = PBXFileReference; lastKnownFileType = sourcecode.swift; path = AppDelegate.swift; sourceTree = "<group>"; };
		3F679710248CD5EE004F31FF /* SceneDelegate.swift */ = {isa = PBXFileReference; lastKnownFileType = sourcecode.swift; path = SceneDelegate.swift; sourceTree = "<group>"; };
		3F679712248CD5EE004F31FF /* ViewController.swift */ = {isa = PBXFileReference; lastKnownFileType = sourcecode.swift; path = ViewController.swift; sourceTree = "<group>"; };
		3F679715248CD5EE004F31FF /* Base */ = {isa = PBXFileReference; lastKnownFileType = file.storyboard; name = Base; path = Base.lproj/Main.storyboard; sourceTree = "<group>"; };
		3F679717248CD5F1004F31FF /* Assets.xcassets */ = {isa = PBXFileReference; lastKnownFileType = folder.assetcatalog; path = Assets.xcassets; sourceTree = "<group>"; };
		3F67971A248CD5F1004F31FF /* Base */ = {isa = PBXFileReference; lastKnownFileType = file.storyboard; name = Base; path = Base.lproj/LaunchScreen.storyboard; sourceTree = "<group>"; };
		3F67971C248CD5F1004F31FF /* Info.plist */ = {isa = PBXFileReference; lastKnownFileType = text.plist.xml; path = Info.plist; sourceTree = "<group>"; };
		3F679722248CDD98004F31FF /* TableViewController.swift */ = {isa = PBXFileReference; lastKnownFileType = sourcecode.swift; path = TableViewController.swift; sourceTree = "<group>"; };
		72B6B00114F3230239801823 /* Pods-Swift5GoogleAdmob.release.xcconfig */ = {isa = PBXFileReference; includeInIndex = 1; lastKnownFileType = text.xcconfig; name = "Pods-Swift5GoogleAdmob.release.xcconfig"; path = "Target Support Files/Pods-Swift5GoogleAdmob/Pods-Swift5GoogleAdmob.release.xcconfig"; sourceTree = "<group>"; };
		B4A176CB6572C3709CBD7939 /* Pods_Swift5GoogleAdmob.framework */ = {isa = PBXFileReference; explicitFileType = wrapper.framework; includeInIndex = 0; path = Pods_Swift5GoogleAdmob.framework; sourceTree = BUILT_PRODUCTS_DIR; };
		D192F43CF79A9BDF04B284F5 /* Pods-Swift5GoogleAdmob.debug.xcconfig */ = {isa = PBXFileReference; includeInIndex = 1; lastKnownFileType = text.xcconfig; name = "Pods-Swift5GoogleAdmob.debug.xcconfig"; path = "Target Support Files/Pods-Swift5GoogleAdmob/Pods-Swift5GoogleAdmob.debug.xcconfig"; sourceTree = "<group>"; };
/* End PBXFileReference section */

/* Begin PBXFrameworksBuildPhase section */
		3F679708248CD5EE004F31FF /* Frameworks */ = {
			isa = PBXFrameworksBuildPhase;
			buildActionMask = 2147483647;
			files = (
				38E005865DD5801B60CCB7CF /* Pods_Swift5GoogleAdmob.framework in Frameworks */,
			);
			runOnlyForDeploymentPostprocessing = 0;
		};
/* End PBXFrameworksBuildPhase section */

/* Begin PBXGroup section */
		0B06DAD03F92BCA3BD615220 /* Frameworks */ = {
			isa = PBXGroup;
			children = (
				B4A176CB6572C3709CBD7939 /* Pods_Swift5GoogleAdmob.framework */,
			);
			name = Frameworks;
			sourceTree = "<group>";
		};
		3F679702248CD5EE004F31FF = {
			isa = PBXGroup;
			children = (
				3F67970D248CD5EE004F31FF /* Swift5GoogleAdmob */,
				3F67970C248CD5EE004F31FF /* Products */,
				BE33EC4128B90A925653A82D /* Pods */,
				0B06DAD03F92BCA3BD615220 /* Frameworks */,
			);
			sourceTree = "<group>";
		};
		3F67970C248CD5EE004F31FF /* Products */ = {
			isa = PBXGroup;
			children = (
				3F67970B248CD5EE004F31FF /* Swift5GoogleAdmob.app */,
			);
			name = Products;
			sourceTree = "<group>";
		};
		3F67970D248CD5EE004F31FF /* Swift5GoogleAdmob */ = {
			isa = PBXGroup;
			children = (
				3F67970E248CD5EE004F31FF /* AppDelegate.swift */,
				3F679710248CD5EE004F31FF /* SceneDelegate.swift */,
				3F679712248CD5EE004F31FF /* ViewController.swift */,
				3F679714248CD5EE004F31FF /* Main.storyboard */,
				3F679717248CD5F1004F31FF /* Assets.xcassets */,
				3F679719248CD5F1004F31FF /* LaunchScreen.storyboard */,
				3F67971C248CD5F1004F31FF /* Info.plist */,
				3F679722248CDD98004F31FF /* TableViewController.swift */,
			);
			path = Swift5GoogleAdmob;
			sourceTree = "<group>";
		};
		BE33EC4128B90A925653A82D /* Pods */ = {
			isa = PBXGroup;
			children = (
				D192F43CF79A9BDF04B284F5 /* Pods-Swift5GoogleAdmob.debug.xcconfig */,
				72B6B00114F3230239801823 /* Pods-Swift5GoogleAdmob.release.xcconfig */,
			);
			path = Pods;
			sourceTree = "<group>";
		};
/* End PBXGroup section */

/* Begin PBXNativeTarget section */
		3F67970A248CD5EE004F31FF /* Swift5GoogleAdmob */ = {
			isa = PBXNativeTarget;
			buildConfigurationList = 3F67971F248CD5F1004F31FF /* Build configuration list for PBXNativeTarget "Swift5GoogleAdmob" */;
			buildPhases = (
				097297582EF6BA29C207100A /* [CP] Check Pods Manifest.lock */,
				3F679707248CD5EE004F31FF /* Sources */,
				3F679708248CD5EE004F31FF /* Frameworks */,
				3F679709248CD5EE004F31FF /* Resources */,
				9BB72C027B3E5E631C26A0BB /* [CP] Embed Pods Frameworks */,
			);
			buildRules = (
			);
			dependencies = (
			);
			name = Swift5GoogleAdmob;
			productName = Swift5GoogleAdmob;
			productReference = 3F67970B248CD5EE004F31FF /* Swift5GoogleAdmob.app */;
			productType = "com.apple.product-type.application";
		};
/* End PBXNativeTarget section */

/* Begin PBXProject section */
		3F679703248CD5EE004F31FF /* Project object */ = {
			isa = PBXProject;
			attributes = {
				LastSwiftUpdateCheck = 1140;
				LastUpgradeCheck = 1140;
				ORGANIZATIONNAME = "Yuma Sato";
				TargetAttributes = {
					3F67970A248CD5EE004F31FF = {
						CreatedOnToolsVersion = 11.4.1;
					};
				};
			};
			buildConfigurationList = 3F679706248CD5EE004F31FF /* Build configuration list for PBXProject "Swift5GoogleAdmob" */;
			compatibilityVersion = "Xcode 9.3";
			developmentRegion = en;
			hasScannedForEncodings = 0;
			knownRegions = (
				en,
				Base,
			);
			mainGroup = 3F679702248CD5EE004F31FF;
			productRefGroup = 3F67970C248CD5EE004F31FF /* Products */;
			projectDirPath = "";
			projectRoot = "";
			targets = (
				3F67970A248CD5EE004F31FF /* Swift5GoogleAdmob */,
			);
		};
/* End PBXProject section */

/* Begin PBXResourcesBuildPhase section */
		3F679709248CD5EE004F31FF /* Resources */ = {
			isa = PBXResourcesBuildPhase;
			buildActionMask = 2147483647;
			files = (
				3F67971B248CD5F1004F31FF /* LaunchScreen.storyboard in Resources */,
				3F679718248CD5F1004F31FF /* Assets.xcassets in Resources */,
				3F679716248CD5EE004F31FF /* Main.storyboard in Resources */,
			);
			runOnlyForDeploymentPostprocessing = 0;
		};
/* End PBXResourcesBuildPhase section */

/* Begin PBXShellScriptBuildPhase section */
		097297582EF6BA29C207100A /* [CP] Check Pods Manifest.lock */ = {
			isa = PBXShellScriptBuildPhase;
			buildActionMask = 2147483647;
			files = (
			);
			inputFileListPaths = (
			);
			inputPaths = (
				"${PODS_PODFILE_DIR_PATH}/Podfile.lock",
				"${PODS_ROOT}/Manifest.lock",
			);
			name = "[CP] Check Pods Manifest.lock";
			outputFileListPaths = (
			);
			outputPaths = (
				"$(DERIVED_FILE_DIR)/Pods-Swift5GoogleAdmob-checkManifestLockResult.txt",
			);
			runOnlyForDeploymentPostprocessing = 0;
			shellPath = /bin/sh;
			shellScript = "diff \"${PODS_PODFILE_DIR_PATH}/Podfile.lock\" \"${PODS_ROOT}/Manifest.lock\" > /dev/null\nif [ $? != 0 ] ; then\n    # print error to STDERR\n    echo \"error: The sandbox is not in sync with the Podfile.lock. Run 'pod install' or update your CocoaPods installation.\" >&2\n    exit 1\nfi\n# This output is used by Xcode 'outputs' to avoid re-running this script phase.\necho \"SUCCESS\" > \"${SCRIPT_OUTPUT_FILE_0}\"\n";
			showEnvVarsInLog = 0;
		};
		9BB72C027B3E5E631C26A0BB /* [CP] Embed Pods Frameworks */ = {
			isa = PBXShellScriptBuildPhase;
			buildActionMask = 2147483647;
			files = (
			);
			inputFileListPaths = (
				"${PODS_ROOT}/Target Support Files/Pods-Swift5GoogleAdmob/Pods-Swift5GoogleAdmob-frameworks-${CONFIGURATION}-input-files.xcfilelist",
			);
			name = "[CP] Embed Pods Frameworks";
			outputFileListPaths = (
				"${PODS_ROOT}/Target Support Files/Pods-Swift5GoogleAdmob/Pods-Swift5GoogleAdmob-frameworks-${CONFIGURATION}-output-files.xcfilelist",
			);
			runOnlyForDeploymentPostprocessing = 0;
			shellPath = /bin/sh;
			shellScript = "\"${PODS_ROOT}/Target Support Files/Pods-Swift5GoogleAdmob/Pods-Swift5GoogleAdmob-frameworks.sh\"\n";
			showEnvVarsInLog = 0;
		};
/* End PBXShellScriptBuildPhase section */

/* Begin PBXSourcesBuildPhase section */
		3F679707248CD5EE004F31FF /* Sources */ = {
			isa = PBXSourcesBuildPhase;
			buildActionMask = 2147483647;
			files = (
				3F679713248CD5EE004F31FF /* ViewController.swift in Sources */,
				3F67970F248CD5EE004F31FF /* AppDelegate.swift in Sources */,
				3F679711248CD5EE004F31FF /* SceneDelegate.swift in Sources */,
				3F679723248CDD98004F31FF /* TableViewController.swift in Sources */,
			);
			runOnlyForDeploymentPostprocessing = 0;
		};
/* End PBXSourcesBuildPhase section */

/* Begin PBXVariantGroup section */
		3F679714248CD5EE004F31FF /* Main.storyboard */ = {
			isa = PBXVariantGroup;
			children = (
				3F679715248CD5EE004F31FF /* Base */,
			);
			name = Main.storyboard;
			sourceTree = "<group>";
		};
		3F679719248CD5F1004F31FF /* LaunchScreen.storyboard */ = {
			isa = PBXVariantGroup;
			children = (
				3F67971A248CD5F1004F31FF /* Base */,
			);
			name = LaunchScreen.storyboard;
			sourceTree = "<group>";
		};
/* End PBXVariantGroup section */

/* Begin XCBuildConfiguration section */
		3F67971D248CD5F1004F31FF /* Debug */ = {
			isa = XCBuildConfiguration;
			buildSettings = {
				ALWAYS_SEARCH_USER_PATHS = NO;
				CLANG_ANALYZER_NONNULL = YES;
				CLANG_ANALYZER_NUMBER_OBJECT_CONVERSION = YES_AGGRESSIVE;
				CLANG_CXX_LANGUAGE_STANDARD = "gnu++14";
				CLANG_CXX_LIBRARY = "libc++";
				CLANG_ENABLE_MODULES = YES;
				CLANG_ENABLE_OBJC_ARC = YES;
				CLANG_ENABLE_OBJC_WEAK = YES;
				CLANG_WARN_BLOCK_CAPTURE_AUTORELEASING = YES;
				CLANG_WARN_BOOL_CONVERSION = YES;
				CLANG_WARN_COMMA = YES;
				CLANG_WARN_CONSTANT_CONVERSION = YES;
				CLANG_WARN_DEPRECATED_OBJC_IMPLEMENTATIONS = YES;
				CLANG_WARN_DIRECT_OBJC_ISA_USAGE = YES_ERROR;
				CLANG_WARN_DOCUMENTATION_COMMENTS = YES;
				CLANG_WARN_EMPTY_BODY = YES;
				CLANG_WARN_ENUM_CONVERSION = YES;
				CLANG_WARN_INFINITE_RECURSION = YES;
				CLANG_WARN_INT_CONVERSION = YES;
				CLANG_WARN_NON_LITERAL_NULL_CONVERSION = YES;
				CLANG_WARN_OBJC_IMPLICIT_RETAIN_SELF = YES;
				CLANG_WARN_OBJC_LITERAL_CONVERSION = YES;
				CLANG_WARN_OBJC_ROOT_CLASS = YES_ERROR;
				CLANG_WARN_RANGE_LOOP_ANALYSIS = YES;
				CLANG_WARN_STRICT_PROTOTYPES = YES;
				CLANG_WARN_SUSPICIOUS_MOVE = YES;
				CLANG_WARN_UNGUARDED_AVAILABILITY = YES_AGGRESSIVE;
				CLANG_WARN_UNREACHABLE_CODE = YES;
				CLANG_WARN__DUPLICATE_METHOD_MATCH = YES;
				COPY_PHASE_STRIP = NO;
				DEBUG_INFORMATION_FORMAT = dwarf;
				ENABLE_STRICT_OBJC_MSGSEND = YES;
				ENABLE_TESTABILITY = YES;
				GCC_C_LANGUAGE_STANDARD = gnu11;
				GCC_DYNAMIC_NO_PIC = NO;
				GCC_NO_COMMON_BLOCKS = YES;
				GCC_OPTIMIZATION_LEVEL = 0;
				GCC_PREPROCESSOR_DEFINITIONS = (
					"DEBUG=1",
					"$(inherited)",
				);
				GCC_WARN_64_TO_32_BIT_CONVERSION = YES;
				GCC_WARN_ABOUT_RETURN_TYPE = YES_ERROR;
				GCC_WARN_UNDECLARED_SELECTOR = YES;
				GCC_WARN_UNINITIALIZED_AUTOS = YES_AGGRESSIVE;
				GCC_WARN_UNUSED_FUNCTION = YES;
				GCC_WARN_UNUSED_VARIABLE = YES;
				IPHONEOS_DEPLOYMENT_TARGET = 13.4;
				MTL_ENABLE_DEBUG_INFO = INCLUDE_SOURCE;
				MTL_FAST_MATH = YES;
				ONLY_ACTIVE_ARCH = YES;
				SDKROOT = iphoneos;
				SWIFT_ACTIVE_COMPILATION_CONDITIONS = DEBUG;
				SWIFT_OPTIMIZATION_LEVEL = "-Onone";
			};
			name = Debug;
		};
		3F67971E248CD5F1004F31FF /* Release */ = {
			isa = XCBuildConfiguration;
			buildSettings = {
				ALWAYS_SEARCH_USER_PATHS = NO;
				CLANG_ANALYZER_NONNULL = YES;
				CLANG_ANALYZER_NUMBER_OBJECT_CONVERSION = YES_AGGRESSIVE;
				CLANG_CXX_LANGUAGE_STANDARD = "gnu++14";
				CLANG_CXX_LIBRARY = "libc++";
				CLANG_ENABLE_MODULES = YES;
				CLANG_ENABLE_OBJC_ARC = YES;
				CLANG_ENABLE_OBJC_WEAK = YES;
				CLANG_WARN_BLOCK_CAPTURE_AUTORELEASING = YES;
				CLANG_WARN_BOOL_CONVERSION = YES;
				CLANG_WARN_COMMA = YES;
				CLANG_WARN_CONSTANT_CONVERSION = YES;
				CLANG_WARN_DEPRECATED_OBJC_IMPLEMENTATIONS = YES;
				CLANG_WARN_DIRECT_OBJC_ISA_USAGE = YES_ERROR;
				CLANG_WARN_DOCUMENTATION_COMMENTS = YES;
				CLANG_WARN_EMPTY_BODY = YES;
				CLANG_WARN_ENUM_CONVERSION = YES;
				CLANG_WARN_INFINITE_RECURSION = YES;
				CLANG_WARN_INT_CONVERSION = YES;
				CLANG_WARN_NON_LITERAL_NULL_CONVERSION = YES;
				CLANG_WARN_OBJC_IMPLICIT_RETAIN_SELF = YES;
				CLANG_WARN_OBJC_LITERAL_CONVERSION = YES;
				CLANG_WARN_OBJC_ROOT_CLASS = YES_ERROR;
				CLANG_WARN_RANGE_LOOP_ANALYSIS = YES;
				CLANG_WARN_STRICT_PROTOTYPES = YES;
				CLANG_WARN_SUSPICIOUS_MOVE = YES;
				CLANG_WARN_UNGUARDED_AVAILABILITY = YES_AGGRESSIVE;
				CLANG_WARN_UNREACHABLE_CODE = YES;
				CLANG_WARN__DUPLICATE_METHOD_MATCH = YES;
				COPY_PHASE_STRIP = NO;
				DEBUG_INFORMATION_FORMAT = "dwarf-with-dsym";
				ENABLE_NS_ASSERTIONS = NO;
				ENABLE_STRICT_OBJC_MSGSEND = YES;
				GCC_C_LANGUAGE_STANDARD = gnu11;
				GCC_NO_COMMON_BLOCKS = YES;
				GCC_WARN_64_TO_32_BIT_CONVERSION = YES;
				GCC_WARN_ABOUT_RETURN_TYPE = YES_ERROR;
				GCC_WARN_UNDECLARED_SELECTOR = YES;
				GCC_WARN_UNINITIALIZED_AUTOS = YES_AGGRESSIVE;
				GCC_WARN_UNUSED_FUNCTION = YES;
				GCC_WARN_UNUSED_VARIABLE = YES;
				IPHONEOS_DEPLOYMENT_TARGET = 13.4;
				MTL_ENABLE_DEBUG_INFO = NO;
				MTL_FAST_MATH = YES;
				SDKROOT = iphoneos;
				SWIFT_COMPILATION_MODE = wholemodule;
				SWIFT_OPTIMIZATION_LEVEL = "-O";
				VALIDATE_PRODUCT = YES;
			};
			name = Release;
		};
		3F679720248CD5F1004F31FF /* Debug */ = {
			isa = XCBuildConfiguration;
			baseConfigurationReference = D192F43CF79A9BDF04B284F5 /* Pods-Swift5GoogleAdmob.debug.xcconfig */;
			buildSettings = {
				ASSETCATALOG_COMPILER_APPICON_NAME = AppIcon;
				CODE_SIGN_STYLE = Automatic;
				DEVELOPMENT_TEAM = 2LXVG84X5Q;
				INFOPLIST_FILE = Swift5GoogleAdmob/Info.plist;
				LD_RUNPATH_SEARCH_PATHS = (
					"$(inherited)",
					"@executable_path/Frameworks",
				);
				PRODUCT_BUNDLE_IDENTIFIER = com.yuma.Swift5GoogleAdmob;
				PRODUCT_NAME = "$(TARGET_NAME)";
				SWIFT_VERSION = 5.0;
				TARGETED_DEVICE_FAMILY = 1;
			};
			name = Debug;
		};
		3F679721248CD5F1004F31FF /* Release */ = {
			isa = XCBuildConfiguration;
			baseConfigurationReference = 72B6B00114F3230239801823 /* Pods-Swift5GoogleAdmob.release.xcconfig */;
			buildSettings = {
				ASSETCATALOG_COMPILER_APPICON_NAME = AppIcon;
				CODE_SIGN_STYLE = Automatic;
				DEVELOPMENT_TEAM = 2LXVG84X5Q;
				INFOPLIST_FILE = Swift5GoogleAdmob/Info.plist;
				LD_RUNPATH_SEARCH_PATHS = (
					"$(inherited)",
					"@executable_path/Frameworks",
				);
				PRODUCT_BUNDLE_IDENTIFIER = com.yuma.Swift5GoogleAdmob;
				PRODUCT_NAME = "$(TARGET_NAME)";
				SWIFT_VERSION = 5.0;
				TARGETED_DEVICE_FAMILY = 1;
			};
			name = Release;
		};
/* End XCBuildConfiguration section */

/* Begin XCConfigurationList section */
		3F679706248CD5EE004F31FF /* Build configuration list for PBXProject "Swift5GoogleAdmob" */ = {
			isa = XCConfigurationList;
			buildConfigurations = (
				3F67971D248CD5F1004F31FF /* Debug */,
				3F67971E248CD5F1004F31FF /* Release */,
			);
			defaultConfigurationIsVisible = 0;
			defaultConfigurationName = Release;
		};
		3F67971F248CD5F1004F31FF /* Build configuration list for PBXNativeTarget "Swift5GoogleAdmob" */ = {
			isa = XCConfigurationList;
			buildConfigurations = (
				3F679720248CD5F1004F31FF /* Debug */,
				3F679721248CD5F1004F31FF /* Release */,
			);
			defaultConfigurationIsVisible = 0;
			defaultConfigurationName = Release;
		};
/* End XCConfigurationList section */
	};
	rootObject = 3F679703248CD5EE004F31FF /* Project object */;
}
